
Microsoft Visual Studio Solution File, Format Version 12.00
# Visual Studio 14
VisualStudioVersion = 14.0.23107.0
MinimumVisualStudioVersion = 10.0.40219.1
Project("{8BC9CEB8-8B4A-11D0-8D11-00A0C91BC942}") = "FudPackageTool", "FudPackageTool\FudPackageTool.vcxproj", "{BF3D944C-4326-41AC-AC28-E2CB1ED764FA}"
	ProjectSection(ProjectDependencies) = postProject
		{61DF7703-785C-4C48-93D8-4CE467B1333F} = {61DF7703-785C-4C48-93D8-4CE467B1333F}
		{99E0AFD5-B084-40B7-9B31-AAC9B281741F} = {99E0AFD5-B084-40B7-9B31-AAC9B281741F}
	EndProjectSection
EndProject
Project("{8BC9CEB8-8B4A-11D0-8D11-00A0C91BC942}") = "FudPacker", "FudPacker\FudPacker.vcxproj", "{61DF7703-785C-4C48-93D8-4CE467B1333F}"
	ProjectSection(ProjectDependencies) = postProject
		{99E0AFD5-B084-40B7-9B31-AAC9B281741F} = {99E0AFD5-B084-40B7-9B31-AAC9B281741F}
		{078EFBDC-D106-4337-82A4-A6705797D39B} = {078EFBDC-D106-4337-82A4-A6705797D39B}
	EndProjectSection
EndProject
Project("{8BC9CEB8-8B4A-11D0-8D11-00A0C91BC942}") = "FudPackageLib", "FudPackageLib\FudPackageLib.vcxproj", "{99E0AFD5-B084-40B7-9B31-AAC9B281741F}"
EndProject
Project("{8BC9CEB8-8B4A-11D0-8D11-00A0C91BC942}") = "Bin2Hex", "Bin2Hex\Bin2Hex.vcxproj", "{078EFBDC-D106-4337-82A4-A6705797D39B}"
	ProjectSection(ProjectDependencies) = postProject
		{99E0AFD5-B084-40B7-9B31-AAC9B281741F} = {99E0AFD5-B084-40B7-9B31-AAC9B281741F}
	EndProjectSection
EndProject
Project("{8BC9CEB8-8B4A-11D0-8D11-00A0C91BC942}") = "ExeBinder", "ExeBinder\ExeBinder.vcxproj", "{91F735DA-1A76-4E8B-AFD1-162F49553839}"
	ProjectSection(ProjectDependencies) = postProject
		{61DF7703-785C-4C48-93D8-4CE467B1333F} = {61DF7703-785C-4C48-93D8-4CE467B1333F}
		{99E0AFD5-B084-40B7-9B31-AAC9B281741F} = {99E0AFD5-B084-40B7-9B31-AAC9B281741F}
	EndProjectSection
EndProject
Project("{8BC9CEB8-8B4A-11D0-8D11-00A0C91BC942}") = "BinderUI", "BinderUI\BinderUI.vcxproj", "{02B9806A-97F8-434F-9734-DDD47ED520A3}"
EndProject
Project("{8BC9CEB8-8B4A-11D0-8D11-00A0C91BC942}") = "ADECpp", "ADECpp\ADECpp.vcxproj", "{99BED509-9EE0-429D-B5A7-469D7596CF34}"
EndProject
Global
	GlobalSection(SolutionConfigurationPlatforms) = preSolution
		Debug|x64 = Debug|x64
		Debug|x86 = Debug|x86
		Release|x64 = Release|x64
		Release|x86 = Release|x86
	EndGlobalSection
	GlobalSection(ProjectConfigurationPlatforms) = postSolution
		{BF3D944C-4326-41AC-AC28-E2CB1ED764FA}.Debug|x64.ActiveCfg = Debug|x64
		{BF3D944C-4326-41AC-AC28-E2CB1ED764FA}.Debug|x64.Build.0 = Debug|x64
		{BF3D944C-4326-41AC-AC28-E2CB1ED764FA}.Debug|x86.ActiveCfg = Debug|Win32
		{BF3D944C-4326-41AC-AC28-E2CB1ED764FA}.Debug|x86.Build.0 = Debug|Win32
		{BF3D944C-4326-41AC-AC28-E2CB1ED764FA}.Release|x64.ActiveCfg = Release|x64
		{BF3D944C-4326-41AC-AC28-E2CB1ED764FA}.Release|x64.Build.0 = Release|x64
		{BF3D944C-4326-41AC-AC28-E2CB1ED764FA}.Release|x86.ActiveCfg = Release|Win32
		{BF3D944C-4326-41AC-AC28-E2CB1ED764FA}.Release|x86.Build.0 = Release|Win32
		{61DF7703-785C-4C48-93D8-4CE467B1333F}.Debug|x64.ActiveCfg = Debug|x64
		{61DF7703-785C-4C48-93D8-4CE467B1333F}.Debug|x64.Build.0 = Debug|x64
		{61DF7703-785C-4C48-93D8-4CE467B1333F}.Debug|x86.ActiveCfg = Debug|Win32
		{61DF7703-785C-4C48-93D8-4CE467B1333F}.Debug|x86.Build.0 = Debug|Win32
		{61DF7703-785C-4C48-93D8-4CE467B1333F}.Release|x64.ActiveCfg = Release|x64
		{61DF7703-785C-4C48-93D8-4CE467B1333F}.Release|x64.Build.0 = Release|x64
		{61DF7703-785C-4C48-93D8-4CE467B1333F}.Release|x86.ActiveCfg = Release|Win32
		{61DF7703-785C-4C48-93D8-4CE467B1333F}.Release|x86.Build.0 = Release|Win32
		{99E0AFD5-B084-40B7-9B31-AAC9B281741F}.Debug|x64.ActiveCfg = Debug|x64
		{99E0AFD5-B084-40B7-9B31-AAC9B281741F}.Debug|x64.Build.0 = Debug|x64
		{99E0AFD5-B084-40B7-9B31-AAC9B281741F}.Debug|x86.ActiveCfg = Debug|Win32
		{99E0AFD5-B084-40B7-9B31-AAC9B281741F}.Debug|x86.Build.0 = Debug|Win32
		{99E0AFD5-B084-40B7-9B31-AAC9B281741F}.Release|x64.ActiveCfg = Release|x64
		{99E0AFD5-B084-40B7-9B31-AAC9B281741F}.Release|x64.Build.0 = Release|x64
		{99E0AFD5-B084-40B7-9B31-AAC9B281741F}.Release|x86.ActiveCfg = Release|Win32
		{99E0AFD5-B084-40B7-9B31-AAC9B281741F}.Release|x86.Build.0 = Release|Win32
		{078EFBDC-D106-4337-82A4-A6705797D39B}.Debug|x64.ActiveCfg = Debug|x64
		{078EFBDC-D106-4337-82A4-A6705797D39B}.Debug|x64.Build.0 = Debug|x64
		{078EFBDC-D106-4337-82A4-A6705797D39B}.Debug|x86.ActiveCfg = Debug|Win32
		{078EFBDC-D106-4337-82A4-A6705797D39B}.Debug|x86.Build.0 = Debug|Win32
		{078EFBDC-D106-4337-82A4-A6705797D39B}.Release|x64.ActiveCfg = Release|x64
		{078EFBDC-D106-4337-82A4-A6705797D39B}.Release|x64.Build.0 = Release|x64
		{078EFBDC-D106-4337-82A4-A6705797D39B}.Release|x86.ActiveCfg = Release|Win32
		{078EFBDC-D106-4337-82A4-A6705797D39B}.Release|x86.Build.0 = Release|Win32
		{91F735DA-1A76-4E8B-AFD1-162F49553839}.Debug|x64.ActiveCfg = Debug|x64
		{91F735DA-1A76-4E8B-AFD1-162F49553839}.Debug|x64.Build.0 = Debug|x64
		{91F735DA-1A76-4E8B-AFD1-162F49553839}.Debug|x86.ActiveCfg = Debug|Win32
		{91F735DA-1A76-4E8B-AFD1-162F49553839}.Debug|x86.Build.0 = Debug|Win32
		{91F735DA-1A76-4E8B-AFD1-162F49553839}.Release|x64.ActiveCfg = Release|x64
		{91F735DA-1A76-4E8B-AFD1-162F49553839}.Release|x64.Build.0 = Release|x64
		{91F735DA-1A76-4E8B-AFD1-162F49553839}.Release|x86.ActiveCfg = Release|Win32
		{91F735DA-1A76-4E8B-AFD1-162F49553839}.Release|x86.Build.0 = Release|Win32
		{02B9806A-97F8-434F-9734-DDD47ED520A3}.Debug|x64.ActiveCfg = Debug|x64
		{02B9806A-97F8-434F-9734-DDD47ED520A3}.Debug|x64.Build.0 = Debug|x64
		{02B9806A-97F8-434F-9734-DDD47ED520A3}.Debug|x86.ActiveCfg = Debug|Win32
		{02B9806A-97F8-434F-9734-DDD47ED520A3}.Debug|x86.Build.0 = Debug|Win32
		{02B9806A-97F8-434F-9734-DDD47ED520A3}.Release|x64.ActiveCfg = Release|x64
		{02B9806A-97F8-434F-9734-DDD47ED520A3}.Release|x64.Build.0 = Release|x64
		{02B9806A-97F8-434F-9734-DDD47ED520A3}.Release|x86.ActiveCfg = Release|Win32
		{02B9806A-97F8-434F-9734-DDD47ED520A3}.Release|x86.Build.0 = Release|Win32
		{99BED509-9EE0-429D-B5A7-469D7596CF34}.Debug|x64.ActiveCfg = Debug|x64
		{99BED509-9EE0-429D-B5A7-469D7596CF34}.Debug|x64.Build.0 = Debug|x64
		{99BED509-9EE0-429D-B5A7-469D7596CF34}.Debug|x86.ActiveCfg = Debug|Win32
		{99BED509-9EE0-429D-B5A7-469D7596CF34}.Debug|x86.Build.0 = Debug|Win32
		{99BED509-9EE0-429D-B5A7-469D7596CF34}.Release|x64.ActiveCfg = Release|x64
		{99BED509-9EE0-429D-B5A7-469D7596CF34}.Release|x64.Build.0 = Release|x64
		{99BED509-9EE0-429D-B5A7-469D7596CF34}.Release|x86.ActiveCfg = Release|Win32
		{99BED509-9EE0-429D-B5A7-469D7596CF34}.Release|x86.Build.0 = Release|Win32
	EndGlobalSection
	GlobalSection(SolutionProperties) = preSolution
		HideSolutionNode = FALSE
	EndGlobalSection
EndGlobal
